
Microsoft Visual Studio Solution File, Format Version 12.00
# Visual Studio Version 17
VisualStudioVersion = 17.7.34031.279
MinimumVisualStudioVersion = 10.0.40219.1
Project("{9A19103F-16F7-4668-BE54-9A1E7A4F7556}") = "ContactAssignmentMVC", "ContactAssignmentMVC\ContactAssignmentMVC.csproj", "{61DCA044-9FC7-4CEF-A829-2133B7D4595A}"
EndProject
Project("{FAE04EC0-301F-11D3-BF4B-00C04F79EFBC}") = "DAL", "DAL\DAL.csproj", "{A44F7C10-9B03-46BB-A043-992EC07BABBD}"
EndProject
Global
	GlobalSection(SolutionConfigurationPlatforms) = preSolution
		Debug|Any CPU = Debug|Any CPU
		Release|Any CPU = Release|Any CPU
	EndGlobalSection
	GlobalSection(ProjectConfigurationPlatforms) = postSolution
		{61DCA044-9FC7-4CEF-A829-2133B7D4595A}.Debug|Any CPU.ActiveCfg = Debug|Any CPU
		{61DCA044-9FC7-4CEF-A829-2133B7D4595A}.Debug|Any CPU.Build.0 = Debug|Any CPU
		{61DCA044-9FC7-4CEF-A829-2133B7D4595A}.Release|Any CPU.ActiveCfg = Release|Any CPU
		{61DCA044-9FC7-4CEF-A829-2133B7D4595A}.Release|Any CPU.Build.0 = Release|Any CPU
		{A44F7C10-9B03-46BB-A043-992EC07BABBD}.Debug|Any CPU.ActiveCfg = Debug|Any CPU
		{A44F7C10-9B03-46BB-A043-992EC07BABBD}.Debug|Any CPU.Build.0 = Debug|Any CPU
		{A44F7C10-9B03-46BB-A043-992EC07BABBD}.Release|Any CPU.ActiveCfg = Release|Any CPU
		{A44F7C10-9B03-46BB-A043-992EC07BABBD}.Release|Any CPU.Build.0 = Release|Any CPU
	EndGlobalSection
	GlobalSection(SolutionProperties) = preSolution
		HideSolutionNode = FALSE
	EndGlobalSection
	GlobalSection(ExtensibilityGlobals) = postSolution
		SolutionGuid = {15741675-2B87-4D3D-B5AD-156EE160AD00}
	EndGlobalSection
EndGlobal
